
Microsoft Visual Studio Solution File, Format Version 12.00
# Visual Studio 15
VisualStudioVersion = 15.0.26730.12
MinimumVisualStudioVersion = 10.0.40219.1
Project("{FAE04EC0-301F-11D3-BF4B-00C04F79EFBC}") = "Vice.RPC", "Vice.RPC\Vice.RPC.csproj", "{F05C7C90-5D4F-49F0-BF9D-06988F453C7E}"
EndProject
Project("{2150E333-8FDC-42A3-9474-1A3956D46DE8}") = "Rpc", "Rpc", "{7353BDD7-8960-4AEE-B7D9-336D23E41BDB}"
EndProject
Project("{FAE04EC0-301F-11D3-BF4B-00C04F79EFBC}") = "RpcFrameWork", "RpcFrameWork\RpcFrameWork.csproj", "{6777A435-8BAE-4CEC-972B-1FBDA2D537C1}"
EndProject
Global
	GlobalSection(SolutionConfigurationPlatforms) = preSolution
		Debug|Any CPU = Debug|Any CPU
		Release|Any CPU = Release|Any CPU
	EndGlobalSection
	GlobalSection(ProjectConfigurationPlatforms) = postSolution
		{F05C7C90-5D4F-49F0-BF9D-06988F453C7E}.Debug|Any CPU.ActiveCfg = Debug|Any CPU
		{F05C7C90-5D4F-49F0-BF9D-06988F453C7E}.Debug|Any CPU.Build.0 = Debug|Any CPU
		{F05C7C90-5D4F-49F0-BF9D-06988F453C7E}.Release|Any CPU.ActiveCfg = Release|Any CPU
		{F05C7C90-5D4F-49F0-BF9D-06988F453C7E}.Release|Any CPU.Build.0 = Release|Any CPU
		{6777A435-8BAE-4CEC-972B-1FBDA2D537C1}.Debug|Any CPU.ActiveCfg = Debug|Any CPU
		{6777A435-8BAE-4CEC-972B-1FBDA2D537C1}.Debug|Any CPU.Build.0 = Debug|Any CPU
		{6777A435-8BAE-4CEC-972B-1FBDA2D537C1}.Release|Any CPU.ActiveCfg = Release|Any CPU
		{6777A435-8BAE-4CEC-972B-1FBDA2D537C1}.Release|Any CPU.Build.0 = Release|Any CPU
	EndGlobalSection
	GlobalSection(SolutionProperties) = preSolution
		HideSolutionNode = FALSE
	EndGlobalSection
	GlobalSection(NestedProjects) = preSolution
		{F05C7C90-5D4F-49F0-BF9D-06988F453C7E} = {7353BDD7-8960-4AEE-B7D9-336D23E41BDB}
		{6777A435-8BAE-4CEC-972B-1FBDA2D537C1} = {7353BDD7-8960-4AEE-B7D9-336D23E41BDB}
	EndGlobalSection
	GlobalSection(ExtensibilityGlobals) = postSolution
		SolutionGuid = {E8BDA747-A4EB-4E2C-865F-4196E134FE70}
	EndGlobalSection
EndGlobal
